
Microsoft Visual Studio Solution File, Format Version 12.00
# Visual Studio Version 17
VisualStudioVersion = 17.14.36127.28
MinimumVisualStudioVersion = 10.0.40219.1
Project("{FAE04EC0-301F-11D3-BF4B-00C04F79EFBC}") = "OrcaUI.Base", "OrcaUI.WinForms\OrcaUI.Base.csproj", "{86220BDF-50AA-4001-82CD-441CADBC0352}"
EndProject
Project("{FAE04EC0-301F-11D3-BF4B-00C04F79EFBC}") = "OrcaUI.Icon", "OrcaUI.Icons\OrcaUI.Icon.csproj", "{67C356CB-2CA7-41B4-B18E-9B9C81DC7318}"
EndProject
Project("{FAE04EC0-301F-11D3-BF4B-00C04F79EFBC}") = "OrcaUI.Animation", "OrcaUI.Animation\OrcaUI.Animation.csproj", "{FB1D5F46-8BBC-4E03-A4BB-AF5A2D145DAC}"
EndProject
Project("{FAE04EC0-301F-11D3-BF4B-00C04F79EFBC}") = "OrcaUI.Sound", "OrcaUI.Sound\OrcaUI.Sound.csproj", "{E86B5E2C-BDB1-4FC2-AB5F-A1C589B9DA9C}"
EndProject
Project("{FAE04EC0-301F-11D3-BF4B-00C04F79EFBC}") = "OrcaUI.Font", "OrcaUI.Font\OrcaUI.Font.csproj", "{27D462C8-2DB9-4244-85B4-DEB9B8B12B45}"
EndProject
Project("{FAE04EC0-301F-11D3-BF4B-00C04F79EFBC}") = "OrcaUI.Control", "OrcaUI.Control\OrcaUI.Control.csproj", "{8349FCC8-E97C-4902-9FD9-BA863A866C31}"
EndProject
Project("{FAE04EC0-301F-11D3-BF4B-00C04F79EFBC}") = "OrcaUI.Form", "OrcaUI.Form\OrcaUI.Form.csproj", "{75205019-2B4C-4BA1-9CA4-653EE61D6169}"
EndProject
Global
	GlobalSection(SolutionConfigurationPlatforms) = preSolution
		Debug|Any CPU = Debug|Any CPU
		Release|Any CPU = Release|Any CPU
	EndGlobalSection
	GlobalSection(ProjectConfigurationPlatforms) = postSolution
		{86220BDF-50AA-4001-82CD-441CADBC0352}.Debug|Any CPU.ActiveCfg = Debug|Any CPU
		{86220BDF-50AA-4001-82CD-441CADBC0352}.Debug|Any CPU.Build.0 = Debug|Any CPU
		{86220BDF-50AA-4001-82CD-441CADBC0352}.Release|Any CPU.ActiveCfg = Release|Any CPU
		{86220BDF-50AA-4001-82CD-441CADBC0352}.Release|Any CPU.Build.0 = Release|Any CPU
		{67C356CB-2CA7-41B4-B18E-9B9C81DC7318}.Debug|Any CPU.ActiveCfg = Debug|Any CPU
		{67C356CB-2CA7-41B4-B18E-9B9C81DC7318}.Debug|Any CPU.Build.0 = Debug|Any CPU
		{67C356CB-2CA7-41B4-B18E-9B9C81DC7318}.Release|Any CPU.ActiveCfg = Release|Any CPU
		{67C356CB-2CA7-41B4-B18E-9B9C81DC7318}.Release|Any CPU.Build.0 = Release|Any CPU
		{FB1D5F46-8BBC-4E03-A4BB-AF5A2D145DAC}.Debug|Any CPU.ActiveCfg = Debug|Any CPU
		{FB1D5F46-8BBC-4E03-A4BB-AF5A2D145DAC}.Debug|Any CPU.Build.0 = Debug|Any CPU
		{FB1D5F46-8BBC-4E03-A4BB-AF5A2D145DAC}.Release|Any CPU.ActiveCfg = Release|Any CPU
		{FB1D5F46-8BBC-4E03-A4BB-AF5A2D145DAC}.Release|Any CPU.Build.0 = Release|Any CPU
		{E86B5E2C-BDB1-4FC2-AB5F-A1C589B9DA9C}.Debug|Any CPU.ActiveCfg = Debug|Any CPU
		{E86B5E2C-BDB1-4FC2-AB5F-A1C589B9DA9C}.Debug|Any CPU.Build.0 = Debug|Any CPU
		{E86B5E2C-BDB1-4FC2-AB5F-A1C589B9DA9C}.Release|Any CPU.ActiveCfg = Release|Any CPU
		{E86B5E2C-BDB1-4FC2-AB5F-A1C589B9DA9C}.Release|Any CPU.Build.0 = Release|Any CPU
		{27D462C8-2DB9-4244-85B4-DEB9B8B12B45}.Debug|Any CPU.ActiveCfg = Debug|Any CPU
		{27D462C8-2DB9-4244-85B4-DEB9B8B12B45}.Debug|Any CPU.Build.0 = Debug|Any CPU
		{27D462C8-2DB9-4244-85B4-DEB9B8B12B45}.Release|Any CPU.ActiveCfg = Release|Any CPU
		{27D462C8-2DB9-4244-85B4-DEB9B8B12B45}.Release|Any CPU.Build.0 = Release|Any CPU
		{8349FCC8-E97C-4902-9FD9-BA863A866C31}.Debug|Any CPU.ActiveCfg = Debug|Any CPU
		{8349FCC8-E97C-4902-9FD9-BA863A866C31}.Debug|Any CPU.Build.0 = Debug|Any CPU
		{8349FCC8-E97C-4902-9FD9-BA863A866C31}.Release|Any CPU.ActiveCfg = Release|Any CPU
		{8349FCC8-E97C-4902-9FD9-BA863A866C31}.Release|Any CPU.Build.0 = Release|Any CPU
		{75205019-2B4C-4BA1-9CA4-653EE61D6169}.Debug|Any CPU.ActiveCfg = Debug|Any CPU
		{75205019-2B4C-4BA1-9CA4-653EE61D6169}.Debug|Any CPU.Build.0 = Debug|Any CPU
		{75205019-2B4C-4BA1-9CA4-653EE61D6169}.Release|Any CPU.ActiveCfg = Release|Any CPU
		{75205019-2B4C-4BA1-9CA4-653EE61D6169}.Release|Any CPU.Build.0 = Release|Any CPU
	EndGlobalSection
	GlobalSection(SolutionProperties) = preSolution
		HideSolutionNode = FALSE
	EndGlobalSection
	GlobalSection(ExtensibilityGlobals) = postSolution
		SolutionGuid = {3594DCAD-B204-4762-9365-8AC2132AA7D4}
	EndGlobalSection
EndGlobal
