
Microsoft Visual Studio Solution File, Format Version 12.00
# Visual Studio Version 17
VisualStudioVersion = 17.14.36127.28
MinimumVisualStudioVersion = 10.0.40219.1
Project("{FAE04EC0-301F-11D3-BF4B-00C04F79EFBC}") = "OrcaUI.WinForms", "OrcaUI.WinForms\OrcaUI.WinForms.csproj", "{86220BDF-50AA-4001-82CD-441CADBC0352}"
EndProject
Project("{FAE04EC0-301F-11D3-BF4B-00C04F79EFBC}") = "OrcaUI.Shared", "OrcaUI.Shared\OrcaUI.Shared.csproj", "{B886F7DC-5293-427E-99D1-E32F028B24D1}"
EndProject
Project("{FAE04EC0-301F-11D3-BF4B-00C04F79EFBC}") = "OrcaUI.WPF", "OrcaUI.WPF\OrcaUI.WPF.csproj", "{77BE7971-9B9E-4E16-8476-C994537EAE78}"
EndProject
Global
	GlobalSection(SolutionConfigurationPlatforms) = preSolution
		Debug|Any CPU = Debug|Any CPU
		Release|Any CPU = Release|Any CPU
	EndGlobalSection
	GlobalSection(ProjectConfigurationPlatforms) = postSolution
		{86220BDF-50AA-4001-82CD-441CADBC0352}.Debug|Any CPU.ActiveCfg = Debug|Any CPU
		{86220BDF-50AA-4001-82CD-441CADBC0352}.Debug|Any CPU.Build.0 = Debug|Any CPU
		{86220BDF-50AA-4001-82CD-441CADBC0352}.Release|Any CPU.ActiveCfg = Release|Any CPU
		{86220BDF-50AA-4001-82CD-441CADBC0352}.Release|Any CPU.Build.0 = Release|Any CPU
		{B886F7DC-5293-427E-99D1-E32F028B24D1}.Debug|Any CPU.ActiveCfg = Debug|Any CPU
		{B886F7DC-5293-427E-99D1-E32F028B24D1}.Debug|Any CPU.Build.0 = Debug|Any CPU
		{B886F7DC-5293-427E-99D1-E32F028B24D1}.Release|Any CPU.ActiveCfg = Release|Any CPU
		{B886F7DC-5293-427E-99D1-E32F028B24D1}.Release|Any CPU.Build.0 = Release|Any CPU
		{77BE7971-9B9E-4E16-8476-C994537EAE78}.Debug|Any CPU.ActiveCfg = Debug|Any CPU
		{77BE7971-9B9E-4E16-8476-C994537EAE78}.Debug|Any CPU.Build.0 = Debug|Any CPU
		{77BE7971-9B9E-4E16-8476-C994537EAE78}.Release|Any CPU.ActiveCfg = Release|Any CPU
		{77BE7971-9B9E-4E16-8476-C994537EAE78}.Release|Any CPU.Build.0 = Release|Any CPU
	EndGlobalSection
	GlobalSection(SolutionProperties) = preSolution
		HideSolutionNode = FALSE
	EndGlobalSection
	GlobalSection(ExtensibilityGlobals) = postSolution
		SolutionGuid = {3594DCAD-B204-4762-9365-8AC2132AA7D4}
	EndGlobalSection
EndGlobal
